PODS:
  - Alamofire (4.7.2)
  - MessageKit (1.0.0-beta.1)
  - PusherChatkit (0.8.2):
    - PusherPlatform (~> 0.5.0)
  - PusherPlatform (0.5.0)

DEPENDENCIES:
  - Alamofire
  - MessageKit (= 1.0.0-beta.1)
  - PusherChatkit

SPEC CHECKSUMS:
  Alamofire: e4fa87002c137ba2d8d634d2c51fabcda0d5c223
  MessageKit: 6f1313d60e480e4b09641582c65f3e36825a5bf4
  PusherChatkit: d732fa1c0dd8284af44aecb498b7b44103811090
  PusherPlatform: 207b5d16dae956a697d5d12d823d9855217998b0

PODFILE CHECKSUM: 1831195d6e3439e356760f15d77e2b4d3276bb16

COCOAPODS: 1.4.0
