PODS:
  - Alamofire (4.8.0)
  - BeamsChatkit (1.2.2)
  - MessageInputBar/Core (0.4.1)
  - MessageKit (2.0.0):
    - MessageInputBar/Core
  - PusherChatkit (1.2.1):
    - BeamsChatkit (~> 1.2.2)
    - PusherPlatform (~> 0.6.2)
  - PusherPlatform (0.6.2)

DEPENDENCIES:
  - Alamofire
  - MessageKit
  - PusherChatkit

SPEC REPOS:
  https://github.com/cocoapods/specs.git:
    - Alamofire
    - BeamsChatkit
    - MessageInputBar
    - MessageKit
    - PusherChatkit
    - PusherPlatform

SPEC CHECKSUMS:
  Alamofire: 3ec537f71edc9804815215393ae2b1a8ea33a844
  BeamsChatkit: 8b5206f145b6d59619cb494d98bd62c75891ca95
  MessageInputBar: e81c7535347f1f7b923de7080409a535a004b6e4
  MessageKit: 29c1c87e5a396d2ca7a3f712e5171dc9aba42a1e
  PusherChatkit: 18b1d0d393e3d328ec22fdedd46ae36b89da9e32
  PusherPlatform: f4380cd85376e27f89bf7c41323908c019099ebf

PODFILE CHECKSUM: 6a38a44eb0839980bf9e13b832f2b4863b799571

COCOAPODS: 1.6.0.beta.2
